
Microsoft Visual Studio Solution File, Format Version 12.00
# Visual Studio Version 17
VisualStudioVersion = 17.5.002.0
MinimumVisualStudioVersion = 10.0.40219.1
Project("{9A19103F-16F7-4668-BE54-9A1E7A4F7556}") = "Eksamen2024", "Eksamen2024\Eksamen2024.csproj", "{44D82199-87B7-4D55-AB8C-E1047AA1D038}"
EndProject
Project("{9A19103F-16F7-4668-BE54-9A1E7A4F7556}") = "Eksamen2024.Tests", "Eksamen2024.Tests\Eksamen2024.Tests.csproj", "{EE0FC609-71B8-4227-A730-3548F0D2156B}"
EndProject
Global
	GlobalSection(SolutionConfigurationPlatforms) = preSolution
		Debug|Any CPU = Debug|Any CPU
		Release|Any CPU = Release|Any CPU
	EndGlobalSection
	GlobalSection(ProjectConfigurationPlatforms) = postSolution
		{44D82199-87B7-4D55-AB8C-E1047AA1D038}.Debug|Any CPU.ActiveCfg = Debug|Any CPU
		{44D82199-87B7-4D55-AB8C-E1047AA1D038}.Debug|Any CPU.Build.0 = Debug|Any CPU
		{44D82199-87B7-4D55-AB8C-E1047AA1D038}.Release|Any CPU.ActiveCfg = Release|Any CPU
		{44D82199-87B7-4D55-AB8C-E1047AA1D038}.Release|Any CPU.Build.0 = Release|Any CPU
		{EE0FC609-71B8-4227-A730-3548F0D2156B}.Debug|Any CPU.ActiveCfg = Debug|Any CPU
		{EE0FC609-71B8-4227-A730-3548F0D2156B}.Debug|Any CPU.Build.0 = Debug|Any CPU
		{EE0FC609-71B8-4227-A730-3548F0D2156B}.Release|Any CPU.ActiveCfg = Release|Any CPU
		{EE0FC609-71B8-4227-A730-3548F0D2156B}.Release|Any CPU.Build.0 = Release|Any CPU
	EndGlobalSection
	GlobalSection(SolutionProperties) = preSolution
		HideSolutionNode = FALSE
	EndGlobalSection
	GlobalSection(ExtensibilityGlobals) = postSolution
		SolutionGuid = {52FF4027-CDF9-4919-BB1E-88EC036584F0}
	EndGlobalSection
EndGlobal
